
Microsoft Visual Studio Solution File, Format Version 12.00
# Visual Studio Version 16
VisualStudioVersion = 16.0.31729.503
MinimumVisualStudioVersion = 10.0.40219.1
Project("{9A19103F-16F7-4668-BE54-9A1E7A4F7556}") = "ClickBytez.EF.Gateway.API", "ClickBytez.EF.Gateway.API\ClickBytez.EF.Gateway.API.csproj", "{7CD42E12-2A39-4A52-97F9-AAA183AD9F9F}"
EndProject
Project("{9A19103F-16F7-4668-BE54-9A1E7A4F7556}") = "ClickBytez.EF.Gateway.Core", "ClickBytez.EF.Gateway.Core\ClickBytez.EF.Gateway.Core.csproj", "{B99EA726-2A84-47CE-985F-D8EB898E9E31}"
EndProject
Project("{2150E333-8FDC-42A3-9474-1A3956D46DE8}") = "Solution Items", "Solution Items", "{E7FA8132-51CB-46FB-B91C-6E00E341D7AD}"
	ProjectSection(SolutionItems) = preProject
		.editorconfig = .editorconfig
	EndProjectSection
EndProject
Global
	GlobalSection(SolutionConfigurationPlatforms) = preSolution
		Debug|Any CPU = Debug|Any CPU
		Release|Any CPU = Release|Any CPU
	EndGlobalSection
	GlobalSection(ProjectConfigurationPlatforms) = postSolution
		{7CD42E12-2A39-4A52-97F9-AAA183AD9F9F}.Debug|Any CPU.ActiveCfg = Debug|Any CPU
		{7CD42E12-2A39-4A52-97F9-AAA183AD9F9F}.Debug|Any CPU.Build.0 = Debug|Any CPU
		{7CD42E12-2A39-4A52-97F9-AAA183AD9F9F}.Release|Any CPU.ActiveCfg = Release|Any CPU
		{7CD42E12-2A39-4A52-97F9-AAA183AD9F9F}.Release|Any CPU.Build.0 = Release|Any CPU
		{B99EA726-2A84-47CE-985F-D8EB898E9E31}.Debug|Any CPU.ActiveCfg = Debug|Any CPU
		{B99EA726-2A84-47CE-985F-D8EB898E9E31}.Debug|Any CPU.Build.0 = Debug|Any CPU
		{B99EA726-2A84-47CE-985F-D8EB898E9E31}.Release|Any CPU.ActiveCfg = Release|Any CPU
		{B99EA726-2A84-47CE-985F-D8EB898E9E31}.Release|Any CPU.Build.0 = Release|Any CPU
	EndGlobalSection
	GlobalSection(SolutionProperties) = preSolution
		HideSolutionNode = FALSE
	EndGlobalSection
	GlobalSection(ExtensibilityGlobals) = postSolution
		SolutionGuid = {82F965FD-89CE-42A9-8D40-D5C5822E3648}
	EndGlobalSection
EndGlobal
