
Microsoft Visual Studio Solution File, Format Version 12.00
# Visual Studio Version 17
VisualStudioVersion = 17.13.35931.197
MinimumVisualStudioVersion = 10.0.40219.1
Project("{9A19103F-16F7-4668-BE54-9A1E7A4F7556}") = "PortalZ.API", "PortalZ.API\PortalZ.API.csproj", "{7CD42E12-2A39-4A52-97F9-AAA183AD9F9F}"
EndProject
Project("{9A19103F-16F7-4668-BE54-9A1E7A4F7556}") = "PortalZ.Core", "PortalZ.Core\PortalZ.Core.csproj", "{B99EA726-2A84-47CE-985F-D8EB898E9E31}"
EndProject
Project("{2150E333-8FDC-42A3-9474-1A3956D46DE8}") = "Solution Items", "Solution Items", "{E7FA8132-51CB-46FB-B91C-6E00E341D7AD}"
	ProjectSection(SolutionItems) = preProject
		.editorconfig = .editorconfig
		..\README.md = ..\README.md
	EndProjectSection
EndProject
Project("{FAE04EC0-301F-11D3-BF4B-00C04F79EFBC}") = "PortalZ.Demo", "PortalZ.Demo\PortalZ.Demo.csproj", "{B8AEDAF8-AEA5-4B68-BB1F-8EBB1E9644C6}"
EndProject
Project("{FAE04EC0-301F-11D3-BF4B-00C04F79EFBC}") = "PortalZ.Tests", "PortalZ.Tests\PortalZ.Tests.csproj", "{90F0259B-32AA-4FAD-9AB7-F834B8B4A8E3}"
EndProject
Project("{9A19103F-16F7-4668-BE54-9A1E7A4F7556}") = "PortalZ.Drivers.EFCore", "PortalZ.Drivers.EFCore\PortalZ.Drivers.EFCore.csproj", "{C1234567-89AB-CDEF-0123-456789ABCDEF}"
EndProject
Global
	GlobalSection(SolutionConfigurationPlatforms) = preSolution
		Debug|Any CPU = Debug|Any CPU
		Release|Any CPU = Release|Any CPU
	EndGlobalSection
	GlobalSection(ProjectConfigurationPlatforms) = postSolution
		{7CD42E12-2A39-4A52-97F9-AAA183AD9F9F}.Debug|Any CPU.ActiveCfg = Debug|Any CPU
		{7CD42E12-2A39-4A52-97F9-AAA183AD9F9F}.Debug|Any CPU.Build.0 = Debug|Any CPU
		{7CD42E12-2A39-4A52-97F9-AAA183AD9F9F}.Release|Any CPU.ActiveCfg = Release|Any CPU
		{7CD42E12-2A39-4A52-97F9-AAA183AD9F9F}.Release|Any CPU.Build.0 = Release|Any CPU
		{B99EA726-2A84-47CE-985F-D8EB898E9E31}.Debug|Any CPU.ActiveCfg = Debug|Any CPU
		{B99EA726-2A84-47CE-985F-D8EB898E9E31}.Debug|Any CPU.Build.0 = Debug|Any CPU
		{B99EA726-2A84-47CE-985F-D8EB898E9E31}.Release|Any CPU.ActiveCfg = Release|Any CPU
		{B99EA726-2A84-47CE-985F-D8EB898E9E31}.Release|Any CPU.Build.0 = Release|Any CPU
		{B8AEDAF8-AEA5-4B68-BB1F-8EBB1E9644C6}.Debug|Any CPU.ActiveCfg = Debug|Any CPU
		{B8AEDAF8-AEA5-4B68-BB1F-8EBB1E9644C6}.Debug|Any CPU.Build.0 = Debug|Any CPU
		{B8AEDAF8-AEA5-4B68-BB1F-8EBB1E9644C6}.Release|Any CPU.ActiveCfg = Release|Any CPU
		{B8AEDAF8-AEA5-4B68-BB1F-8EBB1E9644C6}.Release|Any CPU.Build.0 = Release|Any CPU
		{90F0259B-32AA-4FAD-9AB7-F834B8B4A8E3}.Debug|Any CPU.ActiveCfg = Debug|Any CPU
		{90F0259B-32AA-4FAD-9AB7-F834B8B4A8E3}.Debug|Any CPU.Build.0 = Debug|Any CPU
		{90F0259B-32AA-4FAD-9AB7-F834B8B4A8E3}.Release|Any CPU.ActiveCfg = Release|Any CPU
		{90F0259B-32AA-4FAD-9AB7-F834B8B4A8E3}.Release|Any CPU.Build.0 = Release|Any CPU
		{C1234567-89AB-CDEF-0123-456789ABCDEF}.Debug|Any CPU.ActiveCfg = Debug|Any CPU
		{C1234567-89AB-CDEF-0123-456789ABCDEF}.Debug|Any CPU.Build.0 = Debug|Any CPU
		{C1234567-89AB-CDEF-0123-456789ABCDEF}.Release|Any CPU.ActiveCfg = Release|Any CPU
		{C1234567-89AB-CDEF-0123-456789ABCDEF}.Release|Any CPU.Build.0 = Release|Any CPU
	EndGlobalSection
	GlobalSection(SolutionProperties) = preSolution
		HideSolutionNode = FALSE
	EndGlobalSection
	GlobalSection(ExtensibilityGlobals) = postSolution
		SolutionGuid = {82F965FD-89CE-42A9-8D40-D5C5822E3648}
	EndGlobalSection
EndGlobal


